// !$*UTF8*$!
{
	archiveVersion = 1;
	classes = {
	};
	objectVersion = 46;
	objects = {

/* Begin PBXBuildFile section */
		1DDD582C0DA1D0D100B32029 /* SVAsciiDocument.xib in Resources */ = {isa = PBXBuildFile; fileRef = 1DDD58280DA1D0D100B32029 /* SVAsciiDocument.xib */; };
		1DDD582D0DA1D0D100B32029 /* MainMenu.xib in Resources */ = {isa = PBXBuildFile; fileRef = 1DDD582A0DA1D0D100B32029 /* MainMenu.xib */; };
		8D15AC2C0486D014006FF6A4 /* Acknowledgements.rtf in Resources */ = {isa = PBXBuildFile; fileRef = 2A37F4B9FDCFA73011CA2CEA /* Acknowledgements.rtf */; };
		8D15AC2F0486D014006FF6A4 /* InfoPlist.strings in Resources */ = {isa = PBXBuildFile; fileRef = 089C165FFE840EACC02AAC07 /* InfoPlist.strings */; };
		8D15AC320486D014006FF6A4 /* main.m in Sources */ = {isa = PBXBuildFile; fileRef = 2A37F4B0FDCFA73011CA2CEA /* main.m */; settings = {ATTRIBUTES = (); }; };
		8D15AC340486D014006FF6A4 /* Cocoa.framework in Frameworks */ = {isa = PBXBuildFile; fileRef = 1058C7A7FEA54F5311CA2CBB /* Cocoa.framework */; };
		F80F27791297504600209618 /* SVFileInfoStrings.m in Sources */ = {isa = PBXBuildFile; fileRef = F80F27781297504600209618 /* SVFileInfoStrings.m */; };
		F8123D6311C7763000EABFE2 /* Preferences.xib in Resources */ = {isa = PBXBuildFile; fileRef = F8123D6211C7763000EABFE2 /* Preferences.xib */; };
		F83A4C7A134A8C0C00FAC872 /* SVRoardactedScroller.m in Sources */ = {isa = PBXBuildFile; fileRef = F83A4C79134A8C0C00FAC872 /* SVRoardactedScroller.m */; };
		F8726137145CBF0200821B70 /* SVEpicAboutBoxWC.m in Sources */ = {isa = PBXBuildFile; fileRef = F8726136145CBF0200821B70 /* SVEpicAboutBoxWC.m */; };
		F872613B145CBF2F00821B70 /* SVEpicAboutBox.m in Sources */ = {isa = PBXBuildFile; fileRef = F872613A145CBF2F00821B70 /* SVEpicAboutBox.m */; };
		F87DE43915CB22FD00E3F902 /* custom_about.tiff in Resources */ = {isa = PBXBuildFile; fileRef = F87DE43815CB22FD00E3F902 /* custom_about.tiff */; };
		F87DE43B15CB23B500E3F902 /* sheet_background.tiff in Resources */ = {isa = PBXBuildFile; fileRef = F87DE43A15CB23B500E3F902 /* sheet_background.tiff */; };
		F8803D8D15CE0A2600ECF8D6 /* ASCII.tiff in Resources */ = {isa = PBXBuildFile; fileRef = F8803D8615CE0A2600ECF8D6 /* ASCII.tiff */; };
		F8803D8E15CE0A2600ECF8D6 /* Colors.tiff in Resources */ = {isa = PBXBuildFile; fileRef = F8803D8715CE0A2600ECF8D6 /* Colors.tiff */; };
		F8803D8F15CE0A2600ECF8D6 /* context_info.tiff in Resources */ = {isa = PBXBuildFile; fileRef = F8803D8815CE0A2600ECF8D6 /* context_info.tiff */; };
		F8803D9015CE0A2600ECF8D6 /* Customize.tiff in Resources */ = {isa = PBXBuildFile; fileRef = F8803D8915CE0A2600ECF8D6 /* Customize.tiff */; };
		F8803D9115CE0A2600ECF8D6 /* Divider.tiff in Resources */ = {isa = PBXBuildFile; fileRef = F8803D8A15CE0A2600ECF8D6 /* Divider.tiff */; };
		F8803D9215CE0A2600ECF8D6 /* General.tiff in Resources */ = {isa = PBXBuildFile; fileRef = F8803D8B15CE0A2600ECF8D6 /* General.tiff */; };
		F8803D9315CE0A2600ECF8D6 /* Interface.tiff in Resources */ = {isa = PBXBuildFile; fileRef = F8803D8C15CE0A2600ECF8D6 /* Interface.tiff */; };
		F8835768120F24ED00D18794 /* SVAsciiDocument.m in Sources */ = {isa = PBXBuildFile; fileRef = F8835764120F24ED00D18794 /* SVAsciiDocument.m */; };
		F8835769120F24ED00D18794 /* SVPreferencesWC.m in Sources */ = {isa = PBXBuildFile; fileRef = F8835765120F24ED00D18794 /* SVPreferencesWC.m */; };
		F883576A120F24ED00D18794 /* SVAscensionDelegate.m in Sources */ = {isa = PBXBuildFile; fileRef = F8835767120F24ED00D18794 /* SVAscensionDelegate.m */; };
		F8835778120F251F00D18794 /* Ascension.icns in Resources */ = {isa = PBXBuildFile; fileRef = F8835773120F251F00D18794 /* Ascension.icns */; };
		F898A66114633ED30008E3CD /* License.rtf in Resources */ = {isa = PBXBuildFile; fileRef = F898A65F14633ED30008E3CD /* License.rtf */; };
		F8A894951208D34300871F98 /* AutoHyperlinks.framework in Frameworks */ = {isa = PBXBuildFile; fileRef = F8A894941208D34300871F98 /* AutoHyperlinks.framework */; };
		F8A8949D1208D36300871F98 /* AutoHyperlinks.framework in Copy Files */ = {isa = PBXBuildFile; fileRef = F8A894941208D34300871F98 /* AutoHyperlinks.framework */; };
		F8B9E69F1464A0EA0007ACAA /* AFileTypeASC.icns in Resources */ = {isa = PBXBuildFile; fileRef = F8B9E6971464A0EA0007ACAA /* AFileTypeASC.icns */; };
		F8DBE75C132D5D6C00A9F868 /* Terminus.dfont in CopyFiles */ = {isa = PBXBuildFile; fileRef = F8835784120F256900D18794 /* Terminus.dfont */; };
		F8EA113C145C0CE200550364 /* AboutBox.xib in Resources */ = {isa = PBXBuildFile; fileRef = F8EA113E145C0CE200550364 /* AboutBox.xib */; };
		F8F14433129068C600D89311 /* SVPreferences.m in Sources */ = {isa = PBXBuildFile; fileRef = F8F14432129068C600D89311 /* SVPreferences.m */; };
		F8F3A42912A0780100102D23 /* AFileTypeDIZ.icns in Resources */ = {isa = PBXBuildFile; fileRef = F8F3A42712A0780100102D23 /* AFileTypeDIZ.icns */; };
		F8F3A42A12A0780100102D23 /* AFileTypeNFO.icns in Resources */ = {isa = PBXBuildFile; fileRef = F8F3A42812A0780100102D23 /* AFileTypeNFO.icns */; };
/* End PBXBuildFile section */

/* Begin PBXCopyFilesBuildPhase section */
		F808697411C8C56100680E85 /* Copy Files */ = {
			isa = PBXCopyFilesBuildPhase;
			buildActionMask = 2147483647;
			dstPath = "";
			dstSubfolderSpec = 10;
			files = (
				F8A8949D1208D36300871F98 /* AutoHyperlinks.framework in Copy Files */,
			);
			name = "Copy Files";
			runOnlyForDeploymentPostprocessing = 0;
		};
		F8DBE75A132D5D3400A9F868 /* CopyFiles */ = {
			isa = PBXCopyFilesBuildPhase;
			buildActionMask = 2147483647;
			dstPath = Fonts;
			dstSubfolderSpec = 7;
			files = (
				F8DBE75C132D5D6C00A9F868 /* Terminus.dfont in CopyFiles */,
			);
			runOnlyForDeploymentPostprocessing = 0;
		};
/* End PBXCopyFilesBuildPhase section */

/* Begin PBXFileReference section */
		089C1660FE840EACC02AAC07 /* English */ = {isa = PBXFileReference; fileEncoding = 4; lastKnownFileType = text.plist.strings; name = English; path = English.lproj/InfoPlist.strings; sourceTree = "<group>"; };
		1058C7A7FEA54F5311CA2CBB /* Cocoa.framework */ = {isa = PBXFileReference; lastKnownFileType = wrapper.framework; name = Cocoa.framework; path = /System/Library/Frameworks/Cocoa.framework; sourceTree = "<absolute>"; };
		13E42FBA07B3F13500E4EEF1 /* CoreData.framework */ = {isa = PBXFileReference; lastKnownFileType = wrapper.framework; name = CoreData.framework; path = /System/Library/Frameworks/CoreData.framework; sourceTree = "<absolute>"; };
		1DDD58290DA1D0D100B32029 /* English */ = {isa = PBXFileReference; lastKnownFileType = file.xib; name = English; path = English.lproj/SVAsciiDocument.xib; sourceTree = "<group>"; };
		1DDD582B0DA1D0D100B32029 /* English */ = {isa = PBXFileReference; lastKnownFileType = file.xib; name = English; path = English.lproj/MainMenu.xib; sourceTree = "<group>"; };
		2564AD2C0F5327BB00F57823 /* Ascension_Prefix.pch */ = {isa = PBXFileReference; fileEncoding = 4; lastKnownFileType = sourcecode.c.h; path = Ascension_Prefix.pch; sourceTree = "<group>"; };
		2A37F4B0FDCFA73011CA2CEA /* main.m */ = {isa = PBXFileReference; fileEncoding = 4; lastKnownFileType = sourcecode.c.objc; path = main.m; sourceTree = "<group>"; };
		2A37F4BAFDCFA73011CA2CEA /* English */ = {isa = PBXFileReference; lastKnownFileType = text.rtf; name = English; path = English.lproj/Acknowledgements.rtf; sourceTree = "<group>"; };
		2A37F4C4FDCFA73011CA2CEA /* AppKit.framework */ = {isa = PBXFileReference; lastKnownFileType = wrapper.framework; name = AppKit.framework; path = /System/Library/Frameworks/AppKit.framework; sourceTree = "<absolute>"; };
		2A37F4C5FDCFA73011CA2CEA /* Foundation.framework */ = {isa = PBXFileReference; lastKnownFileType = wrapper.framework; name = Foundation.framework; path = /System/Library/Frameworks/Foundation.framework; sourceTree = "<absolute>"; };
		8D15AC360486D014006FF6A4 /* Ascension-Info.plist */ = {isa = PBXFileReference; fileEncoding = 4; lastKnownFileType = text.plist.xml; path = "Ascension-Info.plist"; sourceTree = "<group>"; };
		8D15AC370486D014006FF6A4 /* Ascension.app */ = {isa = PBXFileReference; explicitFileType = wrapper.application; includeInIndex = 0; path = Ascension.app; sourceTree = BUILT_PRODUCTS_DIR; };
		F80F27771297504600209618 /* SVFileInfoStrings.h */ = {isa = PBXFileReference; fileEncoding = 4; lastKnownFileType = sourcecode.c.h; name = SVFileInfoStrings.h; path = Classes/SVFileInfoStrings.h; sourceTree = "<group>"; };
		F80F27781297504600209618 /* SVFileInfoStrings.m */ = {isa = PBXFileReference; fileEncoding = 4; lastKnownFileType = sourcecode.c.objc; name = SVFileInfoStrings.m; path = Classes/SVFileInfoStrings.m; sourceTree = "<group>"; };
		F83A4C78134A8C0C00FAC872 /* SVRoardactedScroller.h */ = {isa = PBXFileReference; fileEncoding = 4; lastKnownFileType = sourcecode.c.h; name = SVRoardactedScroller.h; path = Classes/SVRoardactedScroller.h; sourceTree = "<group>"; };
		F83A4C79134A8C0C00FAC872 /* SVRoardactedScroller.m */ = {isa = PBXFileReference; fileEncoding = 4; lastKnownFileType = sourcecode.c.objc; name = SVRoardactedScroller.m; path = Classes/SVRoardactedScroller.m; sourceTree = "<group>"; };
		F83BA41B146B307400F3DF9D /* Ascension.entitlements */ = {isa = PBXFileReference; lastKnownFileType = text.xml; path = Ascension.entitlements; sourceTree = "<group>"; };
		F8726135145CBF0200821B70 /* SVEpicAboutBoxWC.h */ = {isa = PBXFileReference; fileEncoding = 4; lastKnownFileType = sourcecode.c.h; name = SVEpicAboutBoxWC.h; path = Classes/SVEpicAboutBoxWC.h; sourceTree = "<group>"; };
		F8726136145CBF0200821B70 /* SVEpicAboutBoxWC.m */ = {isa = PBXFileReference; fileEncoding = 4; lastKnownFileType = sourcecode.c.objc; name = SVEpicAboutBoxWC.m; path = Classes/SVEpicAboutBoxWC.m; sourceTree = "<group>"; };
		F8726139145CBF2F00821B70 /* SVEpicAboutBox.h */ = {isa = PBXFileReference; fileEncoding = 4; lastKnownFileType = sourcecode.c.h; name = SVEpicAboutBox.h; path = Classes/SVEpicAboutBox.h; sourceTree = "<group>"; };
		F872613A145CBF2F00821B70 /* SVEpicAboutBox.m */ = {isa = PBXFileReference; fileEncoding = 4; lastKnownFileType = sourcecode.c.objc; name = SVEpicAboutBox.m; path = Classes/SVEpicAboutBox.m; sourceTree = "<group>"; };
		F87DE43815CB22FD00E3F902 /* custom_about.tiff */ = {isa = PBXFileReference; lastKnownFileType = image.tiff; name = custom_about.tiff; path = Images/custom_about.tiff; sourceTree = "<group>"; };
		F87DE43A15CB23B500E3F902 /* sheet_background.tiff */ = {isa = PBXFileReference; lastKnownFileType = image.tiff; name = sheet_background.tiff; path = Images/sheet_background.tiff; sourceTree = "<group>"; };
		F8803D8615CE0A2600ECF8D6 /* ASCII.tiff */ = {isa = PBXFileReference; lastKnownFileType = image.tiff; name = ASCII.tiff; path = Images/ASCII.tiff; sourceTree = "<group>"; };
		F8803D8715CE0A2600ECF8D6 /* Colors.tiff */ = {isa = PBXFileReference; lastKnownFileType = image.tiff; name = Colors.tiff; path = Images/Colors.tiff; sourceTree = "<group>"; };
		F8803D8815CE0A2600ECF8D6 /* context_info.tiff */ = {isa = PBXFileReference; lastKnownFileType = image.tiff; name = context_info.tiff; path = Images/context_info.tiff; sourceTree = "<group>"; };
		F8803D8915CE0A2600ECF8D6 /* Customize.tiff */ = {isa = PBXFileReference; lastKnownFileType = image.tiff; name = Customize.tiff; path = Images/Customize.tiff; sourceTree = "<group>"; };
		F8803D8A15CE0A2600ECF8D6 /* Divider.tiff */ = {isa = PBXFileReference; lastKnownFileType = image.tiff; name = Divider.tiff; path = Images/Divider.tiff; sourceTree = "<group>"; };
		F8803D8B15CE0A2600ECF8D6 /* General.tiff */ = {isa = PBXFileReference; lastKnownFileType = image.tiff; name = General.tiff; path = Images/General.tiff; sourceTree = "<group>"; };
		F8803D8C15CE0A2600ECF8D6 /* Interface.tiff */ = {isa = PBXFileReference; lastKnownFileType = image.tiff; name = Interface.tiff; path = Images/Interface.tiff; sourceTree = "<group>"; };
		F8835763120F24ED00D18794 /* SVAsciiDocument.h */ = {isa = PBXFileReference; fileEncoding = 4; lastKnownFileType = sourcecode.c.h; name = SVAsciiDocument.h; path = Classes/SVAsciiDocument.h; sourceTree = "<group>"; };
		F8835764120F24ED00D18794 /* SVAsciiDocument.m */ = {isa = PBXFileReference; fileEncoding = 4; lastKnownFileType = sourcecode.c.objc; name = SVAsciiDocument.m; path = Classes/SVAsciiDocument.m; sourceTree = "<group>"; };
		F8835765120F24ED00D18794 /* SVPreferencesWC.m */ = {isa = PBXFileReference; fileEncoding = 4; lastKnownFileType = sourcecode.c.objc; name = SVPreferencesWC.m; path = Classes/SVPreferencesWC.m; sourceTree = "<group>"; };
		F8835766120F24ED00D18794 /* SVAscensionDelegate.h */ = {isa = PBXFileReference; fileEncoding = 4; lastKnownFileType = sourcecode.c.h; name = SVAscensionDelegate.h; path = Classes/SVAscensionDelegate.h; sourceTree = "<group>"; };
		F8835767120F24ED00D18794 /* SVAscensionDelegate.m */ = {isa = PBXFileReference; fileEncoding = 4; lastKnownFileType = sourcecode.c.objc; name = SVAscensionDelegate.m; path = Classes/SVAscensionDelegate.m; sourceTree = "<group>"; };
		F883576B120F250000D18794 /* SVPreferencesWC.h */ = {isa = PBXFileReference; fileEncoding = 4; lastKnownFileType = sourcecode.c.h; name = SVPreferencesWC.h; path = Classes/SVPreferencesWC.h; sourceTree = "<group>"; };
		F8835773120F251F00D18794 /* Ascension.icns */ = {isa = PBXFileReference; lastKnownFileType = image.icns; name = Ascension.icns; path = Images/Ascension.icns; sourceTree = "<group>"; };
		F8835784120F256900D18794 /* Terminus.dfont */ = {isa = PBXFileReference; lastKnownFileType = file; path = Terminus.dfont; sourceTree = "<group>"; };
		F898A66014633ED30008E3CD /* English */ = {isa = PBXFileReference; lastKnownFileType = text.rtf; name = English; path = English.lproj/License.rtf; sourceTree = "<group>"; };
		F8A894941208D34300871F98 /* AutoHyperlinks.framework */ = {isa = PBXFileReference; lastKnownFileType = wrapper.framework; name = AutoHyperlinks.framework; path = Frameworks/AutoHyperlinks.framework; sourceTree = "<group>"; };
		F8B9E6971464A0EA0007ACAA /* AFileTypeASC.icns */ = {isa = PBXFileReference; lastKnownFileType = image.icns; name = AFileTypeASC.icns; path = Images/AFileTypeASC.icns; sourceTree = "<group>"; };
		F8EA113D145C0CE200550364 /* English */ = {isa = PBXFileReference; lastKnownFileType = file.xib; name = English; path = English.lproj/AboutBox.xib; sourceTree = "<group>"; };
		F8EA140712781D3E002A6E6E /* SVPreferences.h */ = {isa = PBXFileReference; fileEncoding = 4; lastKnownFileType = sourcecode.c.h; name = SVPreferences.h; path = Classes/SVPreferences.h; sourceTree = "<group>"; };
		F8EEB89611C6E07900F16727 /* English */ = {isa = PBXFileReference; lastKnownFileType = file.xib; name = English; path = English.lproj/Preferences.xib; sourceTree = "<group>"; };
		F8F14432129068C600D89311 /* SVPreferences.m */ = {isa = PBXFileReference; fileEncoding = 4; lastKnownFileType = sourcecode.c.objc; name = SVPreferences.m; path = Classes/SVPreferences.m; sourceTree = "<group>"; };
		F8F3A42712A0780100102D23 /* AFileTypeDIZ.icns */ = {isa = PBXFileReference; lastKnownFileType = image.icns; name = AFileTypeDIZ.icns; path = Images/AFileTypeDIZ.icns; sourceTree = "<group>"; };
		F8F3A42812A0780100102D23 /* AFileTypeNFO.icns */ = {isa = PBXFileReference; lastKnownFileType = image.icns; name = AFileTypeNFO.icns; path = Images/AFileTypeNFO.icns; sourceTree = "<group>"; };
/* End PBXFileReference section */

/* Begin PBXFrameworksBuildPhase section */
		8D15AC330486D014006FF6A4 /* Frameworks */ = {
			isa = PBXFrameworksBuildPhase;
			buildActionMask = 2147483647;
			files = (
				8D15AC340486D014006FF6A4 /* Cocoa.framework in Frameworks */,
				F8A894951208D34300871F98 /* AutoHyperlinks.framework in Frameworks */,
			);
			runOnlyForDeploymentPostprocessing = 0;
		};
/* End PBXFrameworksBuildPhase section */

/* Begin PBXGroup section */
		1058C7A6FEA54F5311CA2CBB /* Linked Frameworks */ = {
			isa = PBXGroup;
			children = (
				1058C7A7FEA54F5311CA2CBB /* Cocoa.framework */,
				F8A894941208D34300871F98 /* AutoHyperlinks.framework */,
			);
			name = "Linked Frameworks";
			sourceTree = "<group>";
		};
		1058C7A8FEA54F5311CA2CBB /* Other Frameworks */ = {
			isa = PBXGroup;
			children = (
				2A37F4C4FDCFA73011CA2CEA /* AppKit.framework */,
				13E42FBA07B3F13500E4EEF1 /* CoreData.framework */,
				2A37F4C5FDCFA73011CA2CEA /* Foundation.framework */,
			);
			name = "Other Frameworks";
			sourceTree = "<group>";
		};
		19C28FB0FE9D524F11CA2CBB /* Products */ = {
			isa = PBXGroup;
			children = (
				8D15AC370486D014006FF6A4 /* Ascension.app */,
			);
			name = Products;
			sourceTree = "<group>";
		};
		2A37F4AAFDCFA73011CA2CEA /* Ascension */ = {
			isa = PBXGroup;
			children = (
				F83BA41B146B307400F3DF9D /* Ascension.entitlements */,
				2A37F4ABFDCFA73011CA2CEA /* Classes */,
				2A37F4AFFDCFA73011CA2CEA /* Other Sources */,
				2A37F4B8FDCFA73011CA2CEA /* Resources */,
				F8835783120F256900D18794 /* Fonts */,
				2A37F4C3FDCFA73011CA2CEA /* Frameworks */,
				19C28FB0FE9D524F11CA2CBB /* Products */,
			);
			name = Ascension;
			sourceTree = "<group>";
		};
		2A37F4ABFDCFA73011CA2CEA /* Classes */ = {
			isa = PBXGroup;
			children = (
				F8835763120F24ED00D18794 /* SVAsciiDocument.h */,
				F8835764120F24ED00D18794 /* SVAsciiDocument.m */,
				F80F27771297504600209618 /* SVFileInfoStrings.h */,
				F80F27781297504600209618 /* SVFileInfoStrings.m */,
				F83A4C78134A8C0C00FAC872 /* SVRoardactedScroller.h */,
				F83A4C79134A8C0C00FAC872 /* SVRoardactedScroller.m */,
				F883576B120F250000D18794 /* SVPreferencesWC.h */,
				F8835765120F24ED00D18794 /* SVPreferencesWC.m */,
				F8EA140712781D3E002A6E6E /* SVPreferences.h */,
				F8F14432129068C600D89311 /* SVPreferences.m */,
				F8726135145CBF0200821B70 /* SVEpicAboutBoxWC.h */,
				F8726136145CBF0200821B70 /* SVEpicAboutBoxWC.m */,
				F8726139145CBF2F00821B70 /* SVEpicAboutBox.h */,
				F872613A145CBF2F00821B70 /* SVEpicAboutBox.m */,
				F8835766120F24ED00D18794 /* SVAscensionDelegate.h */,
				F8835767120F24ED00D18794 /* SVAscensionDelegate.m */,
			);
			name = Classes;
			sourceTree = "<group>";
		};
		2A37F4AFFDCFA73011CA2CEA /* Other Sources */ = {
			isa = PBXGroup;
			children = (
				2564AD2C0F5327BB00F57823 /* Ascension_Prefix.pch */,
				2A37F4B0FDCFA73011CA2CEA /* main.m */,
			);
			name = "Other Sources";
			sourceTree = "<group>";
		};
		2A37F4B8FDCFA73011CA2CEA /* Resources */ = {
			isa = PBXGroup;
			children = (
				1DDD582A0DA1D0D100B32029 /* MainMenu.xib */,
				1DDD58280DA1D0D100B32029 /* SVAsciiDocument.xib */,
				F8123D6211C7763000EABFE2 /* Preferences.xib */,
				F8EA113E145C0CE200550364 /* AboutBox.xib */,
				F898A65F14633ED30008E3CD /* License.rtf */,
				2A37F4B9FDCFA73011CA2CEA /* Acknowledgements.rtf */,
				8D15AC360486D014006FF6A4 /* Ascension-Info.plist */,
				089C165FFE840EACC02AAC07 /* InfoPlist.strings */,
				F8BB69FC1442045000494F4E /* Pictures and Icons */,
			);
			name = Resources;
			sourceTree = "<group>";
		};
		2A37F4C3FDCFA73011CA2CEA /* Frameworks */ = {
			isa = PBXGroup;
			children = (
				1058C7A6FEA54F5311CA2CBB /* Linked Frameworks */,
				1058C7A8FEA54F5311CA2CBB /* Other Frameworks */,
			);
			name = Frameworks;
			sourceTree = "<group>";
		};
		F8835783120F256900D18794 /* Fonts */ = {
			isa = PBXGroup;
			children = (
				F8835784120F256900D18794 /* Terminus.dfont */,
			);
			path = Fonts;
			sourceTree = "<group>";
		};
		F8BB69FC1442045000494F4E /* Pictures and Icons */ = {
			isa = PBXGroup;
			children = (
				F8835773120F251F00D18794 /* Ascension.icns */,
				F8F3A42812A0780100102D23 /* AFileTypeNFO.icns */,
				F8F3A42712A0780100102D23 /* AFileTypeDIZ.icns */,
				F8B9E6971464A0EA0007ACAA /* AFileTypeASC.icns */,
				F8803D8B15CE0A2600ECF8D6 /* General.tiff */,
				F8803D8C15CE0A2600ECF8D6 /* Interface.tiff */,
				F8803D8715CE0A2600ECF8D6 /* Colors.tiff */,
				F8803D8615CE0A2600ECF8D6 /* ASCII.tiff */,
				F8803D8915CE0A2600ECF8D6 /* Customize.tiff */,
				F8803D8A15CE0A2600ECF8D6 /* Divider.tiff */,
				F8803D8815CE0A2600ECF8D6 /* context_info.tiff */,
				F87DE43815CB22FD00E3F902 /* custom_about.tiff */,
				F87DE43A15CB23B500E3F902 /* sheet_background.tiff */,
			);
			name = "Pictures and Icons";
			sourceTree = "<group>";
		};
/* End PBXGroup section */

/* Begin PBXNativeTarget section */
		8D15AC270486D014006FF6A4 /* Ascension */ = {
			isa = PBXNativeTarget;
			buildConfigurationList = C05733C708A9546B00998B17 /* Build configuration list for PBXNativeTarget "Ascension" */;
			buildPhases = (
				8D15AC2B0486D014006FF6A4 /* Resources */,
				F8DBE75A132D5D3400A9F868 /* CopyFiles */,
				8D15AC300486D014006FF6A4 /* Sources */,
				8D15AC330486D014006FF6A4 /* Frameworks */,
				F808697411C8C56100680E85 /* Copy Files */,
			);
			buildRules = (
			);
			dependencies = (
			);
			name = Ascension;
			productInstallPath = "$(HOME)/Applications";
			productName = Ascension;
			productReference = 8D15AC370486D014006FF6A4 /* Ascension.app */;
			productType = "com.apple.product-type.application";
		};
/* End PBXNativeTarget section */

/* Begin PBXProject section */
		2A37F4A9FDCFA73011CA2CEA /* Project object */ = {
			isa = PBXProject;
			attributes = {
				LastUpgradeCheck = 0450;
			};
			buildConfigurationList = C05733CB08A9546B00998B17 /* Build configuration list for PBXProject "Ascension" */;
			compatibilityVersion = "Xcode 3.2";
			developmentRegion = English;
			hasScannedForEncodings = 1;
			knownRegions = (
				en,
				English,
				Japanese,
				Dutch,
				French,
				German,
				Italian,
				Portuguese,
				Romanian,
				Spanish,
				sv,
				ru,
				Swedish,
			);
			mainGroup = 2A37F4AAFDCFA73011CA2CEA /* Ascension */;
			projectDirPath = "";
			projectRoot = "";
			targets = (
				8D15AC270486D014006FF6A4 /* Ascension */,
			);
		};
/* End PBXProject section */

/* Begin PBXResourcesBuildPhase section */
		8D15AC2B0486D014006FF6A4 /* Resources */ = {
			isa = PBXResourcesBuildPhase;
			buildActionMask = 2147483647;
			files = (
				8D15AC2C0486D014006FF6A4 /* Acknowledgements.rtf in Resources */,
				8D15AC2F0486D014006FF6A4 /* InfoPlist.strings in Resources */,
				1DDD582C0DA1D0D100B32029 /* SVAsciiDocument.xib in Resources */,
				1DDD582D0DA1D0D100B32029 /* MainMenu.xib in Resources */,
				F8123D6311C7763000EABFE2 /* Preferences.xib in Resources */,
				F8835778120F251F00D18794 /* Ascension.icns in Resources */,
				F8F3A42912A0780100102D23 /* AFileTypeDIZ.icns in Resources */,
				F8F3A42A12A0780100102D23 /* AFileTypeNFO.icns in Resources */,
				F8EA113C145C0CE200550364 /* AboutBox.xib in Resources */,
				F898A66114633ED30008E3CD /* License.rtf in Resources */,
				F8B9E69F1464A0EA0007ACAA /* AFileTypeASC.icns in Resources */,
				F87DE43915CB22FD00E3F902 /* custom_about.tiff in Resources */,
				F87DE43B15CB23B500E3F902 /* sheet_background.tiff in Resources */,
				F8803D8D15CE0A2600ECF8D6 /* ASCII.tiff in Resources */,
				F8803D8E15CE0A2600ECF8D6 /* Colors.tiff in Resources */,
				F8803D8F15CE0A2600ECF8D6 /* context_info.tiff in Resources */,
				F8803D9015CE0A2600ECF8D6 /* Customize.tiff in Resources */,
				F8803D9115CE0A2600ECF8D6 /* Divider.tiff in Resources */,
				F8803D9215CE0A2600ECF8D6 /* General.tiff in Resources */,
				F8803D9315CE0A2600ECF8D6 /* Interface.tiff in Resources */,
			);
			runOnlyForDeploymentPostprocessing = 0;
		};
/* End PBXResourcesBuildPhase section */

/* Begin PBXSourcesBuildPhase section */
		8D15AC300486D014006FF6A4 /* Sources */ = {
			isa = PBXSourcesBuildPhase;
			buildActionMask = 2147483647;
			files = (
				8D15AC320486D014006FF6A4 /* main.m in Sources */,
				F8835768120F24ED00D18794 /* SVAsciiDocument.m in Sources */,
				F8835769120F24ED00D18794 /* SVPreferencesWC.m in Sources */,
				F883576A120F24ED00D18794 /* SVAscensionDelegate.m in Sources */,
				F8F14433129068C600D89311 /* SVPreferences.m in Sources */,
				F80F27791297504600209618 /* SVFileInfoStrings.m in Sources */,
				F83A4C7A134A8C0C00FAC872 /* SVRoardactedScroller.m in Sources */,
				F8726137145CBF0200821B70 /* SVEpicAboutBoxWC.m in Sources */,
				F872613B145CBF2F00821B70 /* SVEpicAboutBox.m in Sources */,
			);
			runOnlyForDeploymentPostprocessing = 0;
		};
/* End PBXSourcesBuildPhase section */

/* Begin PBXVariantGroup section */
		089C165FFE840EACC02AAC07 /* InfoPlist.strings */ = {
			isa = PBXVariantGroup;
			children = (
				089C1660FE840EACC02AAC07 /* English */,
			);
			name = InfoPlist.strings;
			sourceTree = "<group>";
		};
		1DDD58280DA1D0D100B32029 /* SVAsciiDocument.xib */ = {
			isa = PBXVariantGroup;
			children = (
				1DDD58290DA1D0D100B32029 /* English */,
			);
			name = SVAsciiDocument.xib;
			sourceTree = "<group>";
		};
		1DDD582A0DA1D0D100B32029 /* MainMenu.xib */ = {
			isa = PBXVariantGroup;
			children = (
				1DDD582B0DA1D0D100B32029 /* English */,
			);
			name = MainMenu.xib;
			sourceTree = "<group>";
		};
		2A37F4B9FDCFA73011CA2CEA /* Acknowledgements.rtf */ = {
			isa = PBXVariantGroup;
			children = (
				2A37F4BAFDCFA73011CA2CEA /* English */,
			);
			name = Acknowledgements.rtf;
			sourceTree = "<group>";
		};
		F8123D6211C7763000EABFE2 /* Preferences.xib */ = {
			isa = PBXVariantGroup;
			children = (
				F8EEB89611C6E07900F16727 /* English */,
			);
			name = Preferences.xib;
			sourceTree = "<group>";
		};
		F898A65F14633ED30008E3CD /* License.rtf */ = {
			isa = PBXVariantGroup;
			children = (
				F898A66014633ED30008E3CD /* English */,
			);
			name = License.rtf;
			sourceTree = "<group>";
		};
		F8EA113E145C0CE200550364 /* AboutBox.xib */ = {
			isa = PBXVariantGroup;
			children = (
				F8EA113D145C0CE200550364 /* English */,
			);
			name = AboutBox.xib;
			sourceTree = "<group>";
		};
/* End PBXVariantGroup section */

/* Begin XCBuildConfiguration section */
		C05733C808A9546B00998B17 /* Debug */ = {
			isa = XCBuildConfiguration;
			buildSettings = {
				ALWAYS_SEARCH_USER_PATHS = NO;
				ARCHS = "$(ARCHS_STANDARD_64_BIT)";
				CODE_SIGN_ENTITLEMENTS = Ascension.entitlements;
				CODE_SIGN_IDENTITY = "3rd Party Mac Developer Application: Stefan Vogt";
				COPY_PHASE_STRIP = NO;
				FRAMEWORK_SEARCH_PATHS = (
					"$(inherited)",
					"\"$(SRCROOT)/Frameworks\"",
				);
				GCC_DYNAMIC_NO_PIC = NO;
				GCC_ENABLE_OBJC_GC = unsupported;
				GCC_MODEL_TUNING = G5;
				GCC_OPTIMIZATION_LEVEL = 0;
				GCC_PRECOMPILE_PREFIX_HEADER = YES;
				GCC_PREFIX_HEADER = Ascension_Prefix.pch;
				INFOPLIST_FILE = "Ascension-Info.plist";
				INSTALL_PATH = "$(HOME)/Applications";
				LIBRARY_SEARCH_PATHS = "$(inherited)";
				MACOSX_DEPLOYMENT_TARGET = 10.7;
				PRODUCT_NAME = Ascension;
				PROVISIONING_PROFILE = "";
				SDKROOT = macosx10.7;
				VALID_ARCHS = "i386 x86_64";
			};
			name = Debug;
		};
		C05733C908A9546B00998B17 /* Release */ = {
			isa = XCBuildConfiguration;
			buildSettings = {
				ALWAYS_SEARCH_USER_PATHS = NO;
				ARCHS = "$(ARCHS_STANDARD_64_BIT)";
				CODE_SIGN_ENTITLEMENTS = Ascension.entitlements;
				CODE_SIGN_IDENTITY = "3rd Party Mac Developer Application: Stefan Vogt";
				DEBUG_INFORMATION_FORMAT = "dwarf-with-dsym";
				FRAMEWORK_SEARCH_PATHS = (
					"$(inherited)",
					"\"$(SRCROOT)/Frameworks\"",
				);
				GCC_ENABLE_OBJC_GC = unsupported;
				GCC_MODEL_TUNING = G5;
				GCC_PRECOMPILE_PREFIX_HEADER = YES;
				GCC_PREFIX_HEADER = Ascension_Prefix.pch;
				INFOPLIST_FILE = "Ascension-Info.plist";
				INSTALL_PATH = "$(HOME)/Applications";
				LIBRARY_SEARCH_PATHS = "$(inherited)";
				MACOSX_DEPLOYMENT_TARGET = 10.7;
				PRODUCT_NAME = Ascension;
				PROVISIONING_PROFILE = "";
				SDKROOT = macosx10.7;
				VALID_ARCHS = "i386 x86_64";
			};
			name = Release;
		};
		C05733CC08A9546B00998B17 /* Debug */ = {
			isa = XCBuildConfiguration;
			buildSettings = {
				ARCHS = "$(ARCHS_STANDARD_64_BIT)";
				CLANG_ENABLE_OBJC_ARC = YES;
				CODE_SIGN_IDENTITY = "3rd Party Mac Developer Application: Stefan Vogt";
				COMBINE_HIDPI_IMAGES = YES;
				CURRENT_PROJECT_VERSION = 98;
				DEBUG_INFORMATION_FORMAT = "dwarf-with-dsym";
				GCC_C_LANGUAGE_STANDARD = gnu99;
				GCC_ENABLE_OBJC_GC = unsupported;
				GCC_OPTIMIZATION_LEVEL = 0;
				GCC_VERSION = com.apple.compilers.llvm.clang.1_0;
				GCC_WARN_ABOUT_RETURN_TYPE = YES;
				GCC_WARN_UNUSED_VARIABLE = YES;
				ONLY_ACTIVE_ARCH = YES;
				PROVISIONING_PROFILE = "";
				SDKROOT = macosx10.7;
				VALID_ARCHS = "i386 x86_64";
				VERSIONING_SYSTEM = "apple-generic";
			};
			name = Debug;
		};
		C05733CD08A9546B00998B17 /* Release */ = {
			isa = XCBuildConfiguration;
			buildSettings = {
				ARCHS = "$(ARCHS_STANDARD_64_BIT)";
				CLANG_ENABLE_OBJC_ARC = YES;
				CODE_SIGN_IDENTITY = "3rd Party Mac Developer Application: Stefan Vogt";
				COMBINE_HIDPI_IMAGES = YES;
				CURRENT_PROJECT_VERSION = 98;
				DEBUG_INFORMATION_FORMAT = "dwarf-with-dsym";
				GCC_C_LANGUAGE_STANDARD = gnu99;
				GCC_ENABLE_OBJC_GC = unsupported;
				GCC_VERSION = com.apple.compilers.llvm.clang.1_0;
				GCC_WARN_ABOUT_RETURN_TYPE = YES;
				GCC_WARN_UNUSED_VARIABLE = YES;
				ONLY_ACTIVE_ARCH = NO;
				PROVISIONING_PROFILE = "";
				SDKROOT = macosx10.7;
				VALID_ARCHS = "i386 x86_64";
				VERSIONING_SYSTEM = "apple-generic";
			};
			name = Release;
		};
/* End XCBuildConfiguration section */

/* Begin XCConfigurationList section */
		C05733C708A9546B00998B17 /* Build configuration list for PBXNativeTarget "Ascension" */ = {
			isa = XCConfigurationList;
			buildConfigurations = (
				C05733C808A9546B00998B17 /* Debug */,
				C05733C908A9546B00998B17 /* Release */,
			);
			defaultConfigurationIsVisible = 0;
			defaultConfigurationName = Release;
		};
		C05733CB08A9546B00998B17 /* Build configuration list for PBXProject "Ascension" */ = {
			isa = XCConfigurationList;
			buildConfigurations = (
				C05733CC08A9546B00998B17 /* Debug */,
				C05733CD08A9546B00998B17 /* Release */,
			);
			defaultConfigurationIsVisible = 0;
			defaultConfigurationName = Release;
		};
/* End XCConfigurationList section */
	};
	rootObject = 2A37F4A9FDCFA73011CA2CEA /* Project object */;
}
