// !$*UTF8*$!
{
	archiveVersion = 1;
	classes = {
	};
	objectVersion = 46;
	objects = {

/* Begin PBXBuildFile section */
		1DDD582C0DA1D0D100B32029 /* MyDocument.xib in Resources */ = {isa = PBXBuildFile; fileRef = 1DDD58280DA1D0D100B32029 /* MyDocument.xib */; };
		1DDD582D0DA1D0D100B32029 /* MainMenu.xib in Resources */ = {isa = PBXBuildFile; fileRef = 1DDD582A0DA1D0D100B32029 /* MainMenu.xib */; };
		8D15AC2C0486D014006FF6A4 /* Credits.rtf in Resources */ = {isa = PBXBuildFile; fileRef = 2A37F4B9FDCFA73011CA2CEA /* Credits.rtf */; };
		8D15AC2F0486D014006FF6A4 /* InfoPlist.strings in Resources */ = {isa = PBXBuildFile; fileRef = 089C165FFE840EACC02AAC07 /* InfoPlist.strings */; };
		8D15AC320486D014006FF6A4 /* main.m in Sources */ = {isa = PBXBuildFile; fileRef = 2A37F4B0FDCFA73011CA2CEA /* main.m */; settings = {ATTRIBUTES = (); }; };
		8D15AC340486D014006FF6A4 /* Cocoa.framework in Frameworks */ = {isa = PBXBuildFile; fileRef = 1058C7A7FEA54F5311CA2CBB /* Cocoa.framework */; };
		F80458F712C69447004CF340 /* SVTextView.m in Sources */ = {isa = PBXBuildFile; fileRef = F80458F612C69447004CF340 /* SVTextView.m */; };
		F80F27791297504600209618 /* SVFileInfoStrings.m in Sources */ = {isa = PBXBuildFile; fileRef = F80F27781297504600209618 /* SVFileInfoStrings.m */; };
		F80F4B1D12D54709000731AA /* Divider.png in Resources */ = {isa = PBXBuildFile; fileRef = F80F4B1C12D54709000731AA /* Divider.png */; };
		F8123D6311C7763000EABFE2 /* Preferences.xib in Resources */ = {isa = PBXBuildFile; fileRef = F8123D6211C7763000EABFE2 /* Preferences.xib */; };
		F82310391457EA10007E1BE6 /* custom_about.png in Resources */ = {isa = PBXBuildFile; fileRef = F82310381457EA10007E1BE6 /* custom_about.png */; };
		F83A4C7A134A8C0C00FAC872 /* SVRoardactedScroller.m in Sources */ = {isa = PBXBuildFile; fileRef = F83A4C79134A8C0C00FAC872 /* SVRoardactedScroller.m */; };
		F84066F6145AA121006F25F7 /* atarcc.ttf in CopyFiles */ = {isa = PBXBuildFile; fileRef = F84066E0145A8FDD006F25F7 /* atarcc.ttf */; };
		F84066F7145AA121006F25F7 /* atarcs.ttf in CopyFiles */ = {isa = PBXBuildFile; fileRef = F84066E1145A8FDD006F25F7 /* atarcs.ttf */; };
		F84066F8145AA122006F25F7 /* CommodoreServer.ttf in CopyFiles */ = {isa = PBXBuildFile; fileRef = F84066E2145A8FDD006F25F7 /* CommodoreServer.ttf */; };
		F84066F9145AA122006F25F7 /* dos437.ttf in CopyFiles */ = {isa = PBXBuildFile; fileRef = F823103A1457F451007E1BE6 /* dos437.ttf */; };
		F84066FA145AA122006F25F7 /* MicroKnight_v1.0.ttf in CopyFiles */ = {isa = PBXBuildFile; fileRef = F84066E3145A8FDD006F25F7 /* MicroKnight_v1.0.ttf */; };
		F84066FB145AA122006F25F7 /* MicroKnightPlus_v1.0.ttf in CopyFiles */ = {isa = PBXBuildFile; fileRef = F84066E4145A8FDD006F25F7 /* MicroKnightPlus_v1.0.ttf */; };
		F84066FC145AA122006F25F7 /* mO'sOul_v1.0.ttf in CopyFiles */ = {isa = PBXBuildFile; fileRef = F84066E5145A8FDD006F25F7 /* mO'sOul_v1.0.ttf */; };
		F84066FD145AA122006F25F7 /* P0T-NOoDLE_v1.0.ttf in CopyFiles */ = {isa = PBXBuildFile; fileRef = F84066E6145A8FDD006F25F7 /* P0T-NOoDLE_v1.0.ttf */; };
		F84066FE145AA122006F25F7 /* Topaz_a500_v1.0.ttf in CopyFiles */ = {isa = PBXBuildFile; fileRef = F84066E7145A8FDD006F25F7 /* Topaz_a500_v1.0.ttf */; };
		F84066FF145AA122006F25F7 /* Topaz_a1200_v1.0.ttf in CopyFiles */ = {isa = PBXBuildFile; fileRef = F84066E8145A8FDD006F25F7 /* Topaz_a1200_v1.0.ttf */; };
		F8406700145AA122006F25F7 /* TopazPlus_a500_v1.0.ttf in CopyFiles */ = {isa = PBXBuildFile; fileRef = F84066E9145A8FDD006F25F7 /* TopazPlus_a500_v1.0.ttf */; };
		F8406701145AA122006F25F7 /* TopazPlus_a1200_v1.0.ttf in CopyFiles */ = {isa = PBXBuildFile; fileRef = F84066EA145A8FDD006F25F7 /* TopazPlus_a1200_v1.0.ttf */; };
		F869391E135A5C6C0024BE07 /* context_info.png in Resources */ = {isa = PBXBuildFile; fileRef = F869391D135A5C6C0024BE07 /* context_info.png */; };
		F8726137145CBF0200821B70 /* SVEpicAboutBoxWC.m in Sources */ = {isa = PBXBuildFile; fileRef = F8726136145CBF0200821B70 /* SVEpicAboutBoxWC.m */; };
		F872613B145CBF2F00821B70 /* SVEpicAboutBox.m in Sources */ = {isa = PBXBuildFile; fileRef = F872613A145CBF2F00821B70 /* SVEpicAboutBox.m */; };
		F8835768120F24ED00D18794 /* MyDocument.m in Sources */ = {isa = PBXBuildFile; fileRef = F8835764120F24ED00D18794 /* MyDocument.m */; };
		F8835769120F24ED00D18794 /* SVPreferencesWC.m in Sources */ = {isa = PBXBuildFile; fileRef = F8835765120F24ED00D18794 /* SVPreferencesWC.m */; };
		F883576A120F24ED00D18794 /* SVAscensionDelegate.m in Sources */ = {isa = PBXBuildFile; fileRef = F8835767120F24ED00D18794 /* SVAscensionDelegate.m */; };
		F8835777120F251F00D18794 /* Advanced.png in Resources */ = {isa = PBXBuildFile; fileRef = F8835772120F251F00D18794 /* Advanced.png */; };
		F8835778120F251F00D18794 /* Ascension.icns in Resources */ = {isa = PBXBuildFile; fileRef = F8835773120F251F00D18794 /* Ascension.icns */; };
		F8835779120F251F00D18794 /* Colors.png in Resources */ = {isa = PBXBuildFile; fileRef = F8835774120F251F00D18794 /* Colors.png */; };
		F883577A120F251F00D18794 /* General.png in Resources */ = {isa = PBXBuildFile; fileRef = F8835775120F251F00D18794 /* General.png */; };
		F8A894951208D34300871F98 /* AutoHyperlinks.framework in Frameworks */ = {isa = PBXBuildFile; fileRef = F8A894941208D34300871F98 /* AutoHyperlinks.framework */; };
		F8A8949D1208D36300871F98 /* AutoHyperlinks.framework in CopyFiles */ = {isa = PBXBuildFile; fileRef = F8A894941208D34300871F98 /* AutoHyperlinks.framework */; };
		F8AD9A4C12CE2BA1004CC071 /* Customize.png in Resources */ = {isa = PBXBuildFile; fileRef = F8AD9A4A12CE2BA1004CC071 /* Customize.png */; };
		F8DBE75C132D5D6C00A9F868 /* Terminus.dfont in CopyFiles */ = {isa = PBXBuildFile; fileRef = F8835784120F256900D18794 /* Terminus.dfont */; };
		F8E149781452BC5000D445DF /* AnsiLove.framework in Frameworks */ = {isa = PBXBuildFile; fileRef = F8E149771452BC5000D445DF /* AnsiLove.framework */; };
		F8E149791452BC9600D445DF /* AnsiLove.framework in CopyFiles */ = {isa = PBXBuildFile; fileRef = F8E149771452BC5000D445DF /* AnsiLove.framework */; };
		F8E1D4B31285DBA90069F262 /* duplicate.png in Resources */ = {isa = PBXBuildFile; fileRef = F8E1D4B21285DBA90069F262 /* duplicate.png */; };
		F8EA113C145C0CE200550364 /* AboutBox.xib in Resources */ = {isa = PBXBuildFile; fileRef = F8EA113E145C0CE200550364 /* AboutBox.xib */; };
		F8EA140D12781D3E002A6E6E /* SVFontProperties.m in Sources */ = {isa = PBXBuildFile; fileRef = F8EA140612781D3E002A6E6E /* SVFontProperties.m */; };
		F8EA140F12781D3E002A6E6E /* SVThemeObject.m in Sources */ = {isa = PBXBuildFile; fileRef = F8EA140A12781D3E002A6E6E /* SVThemeObject.m */; };
		F8F14433129068C600D89311 /* SVPreferences.m in Sources */ = {isa = PBXBuildFile; fileRef = F8F14432129068C600D89311 /* SVPreferences.m */; };
		F8F3A42912A0780100102D23 /* AFileTypeDIZ.icns in Resources */ = {isa = PBXBuildFile; fileRef = F8F3A42712A0780100102D23 /* AFileTypeDIZ.icns */; };
		F8F3A42A12A0780100102D23 /* AFileTypeNFO.icns in Resources */ = {isa = PBXBuildFile; fileRef = F8F3A42812A0780100102D23 /* AFileTypeNFO.icns */; };
/* End PBXBuildFile section */

/* Begin PBXCopyFilesBuildPhase section */
		F808697411C8C56100680E85 /* CopyFiles */ = {
			isa = PBXCopyFilesBuildPhase;
			buildActionMask = 2147483647;
			dstPath = "";
			dstSubfolderSpec = 10;
			files = (
				F8A8949D1208D36300871F98 /* AutoHyperlinks.framework in CopyFiles */,
				F8E149791452BC9600D445DF /* AnsiLove.framework in CopyFiles */,
			);
			runOnlyForDeploymentPostprocessing = 0;
		};
		F8DBE75A132D5D3400A9F868 /* CopyFiles */ = {
			isa = PBXCopyFilesBuildPhase;
			buildActionMask = 2147483647;
			dstPath = Fonts;
			dstSubfolderSpec = 7;
			files = (
				F84066F6145AA121006F25F7 /* atarcc.ttf in CopyFiles */,
				F84066F7145AA121006F25F7 /* atarcs.ttf in CopyFiles */,
				F84066F8145AA122006F25F7 /* CommodoreServer.ttf in CopyFiles */,
				F84066F9145AA122006F25F7 /* dos437.ttf in CopyFiles */,
				F84066FA145AA122006F25F7 /* MicroKnight_v1.0.ttf in CopyFiles */,
				F84066FB145AA122006F25F7 /* MicroKnightPlus_v1.0.ttf in CopyFiles */,
				F84066FC145AA122006F25F7 /* mO'sOul_v1.0.ttf in CopyFiles */,
				F84066FD145AA122006F25F7 /* P0T-NOoDLE_v1.0.ttf in CopyFiles */,
				F84066FE145AA122006F25F7 /* Topaz_a500_v1.0.ttf in CopyFiles */,
				F84066FF145AA122006F25F7 /* Topaz_a1200_v1.0.ttf in CopyFiles */,
				F8406700145AA122006F25F7 /* TopazPlus_a500_v1.0.ttf in CopyFiles */,
				F8406701145AA122006F25F7 /* TopazPlus_a1200_v1.0.ttf in CopyFiles */,
				F8DBE75C132D5D6C00A9F868 /* Terminus.dfont in CopyFiles */,
			);
			runOnlyForDeploymentPostprocessing = 0;
		};
/* End PBXCopyFilesBuildPhase section */

/* Begin PBXFileReference section */
		089C1660FE840EACC02AAC07 /* English */ = {isa = PBXFileReference; fileEncoding = 4; lastKnownFileType = text.plist.strings; name = English; path = English.lproj/InfoPlist.strings; sourceTree = "<group>"; };
		1058C7A7FEA54F5311CA2CBB /* Cocoa.framework */ = {isa = PBXFileReference; lastKnownFileType = wrapper.framework; name = Cocoa.framework; path = /System/Library/Frameworks/Cocoa.framework; sourceTree = "<absolute>"; };
		13E42FBA07B3F13500E4EEF1 /* CoreData.framework */ = {isa = PBXFileReference; lastKnownFileType = wrapper.framework; name = CoreData.framework; path = /System/Library/Frameworks/CoreData.framework; sourceTree = "<absolute>"; };
		1DDD58290DA1D0D100B32029 /* English */ = {isa = PBXFileReference; lastKnownFileType = file.xib; name = English; path = English.lproj/MyDocument.xib; sourceTree = "<group>"; };
		1DDD582B0DA1D0D100B32029 /* English */ = {isa = PBXFileReference; lastKnownFileType = file.xib; name = English; path = English.lproj/MainMenu.xib; sourceTree = "<group>"; };
		2564AD2C0F5327BB00F57823 /* Ascension_Prefix.pch */ = {isa = PBXFileReference; fileEncoding = 4; lastKnownFileType = sourcecode.c.h; path = Ascension_Prefix.pch; sourceTree = "<group>"; };
		2A37F4B0FDCFA73011CA2CEA /* main.m */ = {isa = PBXFileReference; fileEncoding = 4; lastKnownFileType = sourcecode.c.objc; path = main.m; sourceTree = "<group>"; };
		2A37F4BAFDCFA73011CA2CEA /* English */ = {isa = PBXFileReference; lastKnownFileType = text.rtf; name = English; path = English.lproj/Credits.rtf; sourceTree = "<group>"; };
		2A37F4C4FDCFA73011CA2CEA /* AppKit.framework */ = {isa = PBXFileReference; lastKnownFileType = wrapper.framework; name = AppKit.framework; path = /System/Library/Frameworks/AppKit.framework; sourceTree = "<absolute>"; };
		2A37F4C5FDCFA73011CA2CEA /* Foundation.framework */ = {isa = PBXFileReference; lastKnownFileType = wrapper.framework; name = Foundation.framework; path = /System/Library/Frameworks/Foundation.framework; sourceTree = "<absolute>"; };
		8D15AC360486D014006FF6A4 /* Ascension-Info.plist */ = {isa = PBXFileReference; fileEncoding = 4; lastKnownFileType = text.plist.xml; path = "Ascension-Info.plist"; sourceTree = "<group>"; };
		8D15AC370486D014006FF6A4 /* Ascension.app */ = {isa = PBXFileReference; explicitFileType = wrapper.application; includeInIndex = 0; path = Ascension.app; sourceTree = BUILT_PRODUCTS_DIR; };
		F80458F512C69447004CF340 /* SVTextView.h */ = {isa = PBXFileReference; fileEncoding = 4; lastKnownFileType = sourcecode.c.h; name = SVTextView.h; path = Classes/SVTextView.h; sourceTree = "<group>"; };
		F80458F612C69447004CF340 /* SVTextView.m */ = {isa = PBXFileReference; fileEncoding = 4; lastKnownFileType = sourcecode.c.objc; name = SVTextView.m; path = Classes/SVTextView.m; sourceTree = "<group>"; };
		F80F27771297504600209618 /* SVFileInfoStrings.h */ = {isa = PBXFileReference; fileEncoding = 4; lastKnownFileType = sourcecode.c.h; name = SVFileInfoStrings.h; path = Classes/SVFileInfoStrings.h; sourceTree = "<group>"; };
		F80F27781297504600209618 /* SVFileInfoStrings.m */ = {isa = PBXFileReference; fileEncoding = 4; lastKnownFileType = sourcecode.c.objc; name = SVFileInfoStrings.m; path = Classes/SVFileInfoStrings.m; sourceTree = "<group>"; };
		F80F4B1C12D54709000731AA /* Divider.png */ = {isa = PBXFileReference; lastKnownFileType = image.png; name = Divider.png; path = Images/Divider.png; sourceTree = "<group>"; };
		F82310381457EA10007E1BE6 /* custom_about.png */ = {isa = PBXFileReference; lastKnownFileType = image.png; name = custom_about.png; path = Images/custom_about.png; sourceTree = "<group>"; };
		F823103A1457F451007E1BE6 /* dos437.ttf */ = {isa = PBXFileReference; lastKnownFileType = file; path = dos437.ttf; sourceTree = "<group>"; };
		F83A4C78134A8C0C00FAC872 /* SVRoardactedScroller.h */ = {isa = PBXFileReference; fileEncoding = 4; lastKnownFileType = sourcecode.c.h; name = SVRoardactedScroller.h; path = Classes/SVRoardactedScroller.h; sourceTree = "<group>"; };
		F83A4C79134A8C0C00FAC872 /* SVRoardactedScroller.m */ = {isa = PBXFileReference; fileEncoding = 4; lastKnownFileType = sourcecode.c.objc; name = SVRoardactedScroller.m; path = Classes/SVRoardactedScroller.m; sourceTree = "<group>"; };
		F84066E0145A8FDD006F25F7 /* atarcc.ttf */ = {isa = PBXFileReference; lastKnownFileType = file; path = atarcc.ttf; sourceTree = "<group>"; };
		F84066E1145A8FDD006F25F7 /* atarcs.ttf */ = {isa = PBXFileReference; lastKnownFileType = file; path = atarcs.ttf; sourceTree = "<group>"; };
		F84066E2145A8FDD006F25F7 /* CommodoreServer.ttf */ = {isa = PBXFileReference; lastKnownFileType = file; path = CommodoreServer.ttf; sourceTree = "<group>"; };
		F84066E3145A8FDD006F25F7 /* MicroKnight_v1.0.ttf */ = {isa = PBXFileReference; lastKnownFileType = file; path = MicroKnight_v1.0.ttf; sourceTree = "<group>"; };
		F84066E4145A8FDD006F25F7 /* MicroKnightPlus_v1.0.ttf */ = {isa = PBXFileReference; lastKnownFileType = file; path = MicroKnightPlus_v1.0.ttf; sourceTree = "<group>"; };
		F84066E5145A8FDD006F25F7 /* mO'sOul_v1.0.ttf */ = {isa = PBXFileReference; lastKnownFileType = file; path = "mO'sOul_v1.0.ttf"; sourceTree = "<group>"; };
		F84066E6145A8FDD006F25F7 /* P0T-NOoDLE_v1.0.ttf */ = {isa = PBXFileReference; lastKnownFileType = file; path = "P0T-NOoDLE_v1.0.ttf"; sourceTree = "<group>"; };
		F84066E7145A8FDD006F25F7 /* Topaz_a500_v1.0.ttf */ = {isa = PBXFileReference; lastKnownFileType = file; path = Topaz_a500_v1.0.ttf; sourceTree = "<group>"; };
		F84066E8145A8FDD006F25F7 /* Topaz_a1200_v1.0.ttf */ = {isa = PBXFileReference; lastKnownFileType = file; path = Topaz_a1200_v1.0.ttf; sourceTree = "<group>"; };
		F84066E9145A8FDD006F25F7 /* TopazPlus_a500_v1.0.ttf */ = {isa = PBXFileReference; lastKnownFileType = file; path = TopazPlus_a500_v1.0.ttf; sourceTree = "<group>"; };
		F84066EA145A8FDD006F25F7 /* TopazPlus_a1200_v1.0.ttf */ = {isa = PBXFileReference; lastKnownFileType = file; path = TopazPlus_a1200_v1.0.ttf; sourceTree = "<group>"; };
		F869391D135A5C6C0024BE07 /* context_info.png */ = {isa = PBXFileReference; lastKnownFileType = image.png; name = context_info.png; path = Images/context_info.png; sourceTree = "<group>"; };
		F8726135145CBF0200821B70 /* SVEpicAboutBoxWC.h */ = {isa = PBXFileReference; fileEncoding = 4; lastKnownFileType = sourcecode.c.h; name = SVEpicAboutBoxWC.h; path = Classes/SVEpicAboutBoxWC.h; sourceTree = "<group>"; };
		F8726136145CBF0200821B70 /* SVEpicAboutBoxWC.m */ = {isa = PBXFileReference; fileEncoding = 4; lastKnownFileType = sourcecode.c.objc; name = SVEpicAboutBoxWC.m; path = Classes/SVEpicAboutBoxWC.m; sourceTree = "<group>"; };
		F8726139145CBF2F00821B70 /* SVEpicAboutBox.h */ = {isa = PBXFileReference; fileEncoding = 4; lastKnownFileType = sourcecode.c.h; name = SVEpicAboutBox.h; path = Classes/SVEpicAboutBox.h; sourceTree = "<group>"; };
		F872613A145CBF2F00821B70 /* SVEpicAboutBox.m */ = {isa = PBXFileReference; fileEncoding = 4; lastKnownFileType = sourcecode.c.objc; name = SVEpicAboutBox.m; path = Classes/SVEpicAboutBox.m; sourceTree = "<group>"; };
		F8835763120F24ED00D18794 /* MyDocument.h */ = {isa = PBXFileReference; fileEncoding = 4; lastKnownFileType = sourcecode.c.h; name = MyDocument.h; path = Classes/MyDocument.h; sourceTree = "<group>"; };
		F8835764120F24ED00D18794 /* MyDocument.m */ = {isa = PBXFileReference; fileEncoding = 4; lastKnownFileType = sourcecode.c.objc; name = MyDocument.m; path = Classes/MyDocument.m; sourceTree = "<group>"; };
		F8835765120F24ED00D18794 /* SVPreferencesWC.m */ = {isa = PBXFileReference; fileEncoding = 4; lastKnownFileType = sourcecode.c.objc; name = SVPreferencesWC.m; path = Classes/SVPreferencesWC.m; sourceTree = "<group>"; };
		F8835766120F24ED00D18794 /* SVAscensionDelegate.h */ = {isa = PBXFileReference; fileEncoding = 4; lastKnownFileType = sourcecode.c.h; name = SVAscensionDelegate.h; path = Classes/SVAscensionDelegate.h; sourceTree = "<group>"; };
		F8835767120F24ED00D18794 /* SVAscensionDelegate.m */ = {isa = PBXFileReference; fileEncoding = 4; lastKnownFileType = sourcecode.c.objc; name = SVAscensionDelegate.m; path = Classes/SVAscensionDelegate.m; sourceTree = "<group>"; };
		F883576B120F250000D18794 /* SVPreferencesWC.h */ = {isa = PBXFileReference; fileEncoding = 4; lastKnownFileType = sourcecode.c.h; name = SVPreferencesWC.h; path = Classes/SVPreferencesWC.h; sourceTree = "<group>"; };
		F8835772120F251F00D18794 /* Advanced.png */ = {isa = PBXFileReference; lastKnownFileType = image.png; name = Advanced.png; path = Images/Advanced.png; sourceTree = "<group>"; };
		F8835773120F251F00D18794 /* Ascension.icns */ = {isa = PBXFileReference; lastKnownFileType = image.icns; name = Ascension.icns; path = Images/Ascension.icns; sourceTree = "<group>"; };
		F8835774120F251F00D18794 /* Colors.png */ = {isa = PBXFileReference; lastKnownFileType = image.png; name = Colors.png; path = Images/Colors.png; sourceTree = "<group>"; };
		F8835775120F251F00D18794 /* General.png */ = {isa = PBXFileReference; lastKnownFileType = image.png; name = General.png; path = Images/General.png; sourceTree = "<group>"; };
		F8835784120F256900D18794 /* Terminus.dfont */ = {isa = PBXFileReference; lastKnownFileType = file; path = Terminus.dfont; sourceTree = "<group>"; };
		F8A894941208D34300871F98 /* AutoHyperlinks.framework */ = {isa = PBXFileReference; lastKnownFileType = wrapper.framework; name = AutoHyperlinks.framework; path = Frameworks/AutoHyperlinks.framework; sourceTree = "<group>"; };
		F8AD9A4A12CE2BA1004CC071 /* Customize.png */ = {isa = PBXFileReference; lastKnownFileType = image.png; name = Customize.png; path = Images/Customize.png; sourceTree = "<group>"; };
		F8E149771452BC5000D445DF /* AnsiLove.framework */ = {isa = PBXFileReference; lastKnownFileType = wrapper.framework; name = AnsiLove.framework; path = Frameworks/AnsiLove.framework; sourceTree = "<group>"; };
		F8E1D4B21285DBA90069F262 /* duplicate.png */ = {isa = PBXFileReference; lastKnownFileType = image.png; name = duplicate.png; path = Images/duplicate.png; sourceTree = "<group>"; };
		F8EA113D145C0CE200550364 /* English */ = {isa = PBXFileReference; lastKnownFileType = file.xib; name = English; path = English.lproj/AboutBox.xib; sourceTree = "<group>"; };
		F8EA140512781D3E002A6E6E /* SVFontProperties.h */ = {isa = PBXFileReference; fileEncoding = 4; lastKnownFileType = sourcecode.c.h; name = SVFontProperties.h; path = Classes/SVFontProperties.h; sourceTree = "<group>"; };
		F8EA140612781D3E002A6E6E /* SVFontProperties.m */ = {isa = PBXFileReference; fileEncoding = 4; lastKnownFileType = sourcecode.c.objc; name = SVFontProperties.m; path = Classes/SVFontProperties.m; sourceTree = "<group>"; };
		F8EA140712781D3E002A6E6E /* SVPreferences.h */ = {isa = PBXFileReference; fileEncoding = 4; lastKnownFileType = sourcecode.c.h; name = SVPreferences.h; path = Classes/SVPreferences.h; sourceTree = "<group>"; };
		F8EA140912781D3E002A6E6E /* SVThemeObject.h */ = {isa = PBXFileReference; fileEncoding = 4; lastKnownFileType = sourcecode.c.h; name = SVThemeObject.h; path = Classes/SVThemeObject.h; sourceTree = "<group>"; };
		F8EA140A12781D3E002A6E6E /* SVThemeObject.m */ = {isa = PBXFileReference; fileEncoding = 4; lastKnownFileType = sourcecode.c.objc; name = SVThemeObject.m; path = Classes/SVThemeObject.m; sourceTree = "<group>"; };
		F8EEB89611C6E07900F16727 /* English */ = {isa = PBXFileReference; lastKnownFileType = file.xib; name = English; path = English.lproj/Preferences.xib; sourceTree = "<group>"; };
		F8F14432129068C600D89311 /* SVPreferences.m */ = {isa = PBXFileReference; fileEncoding = 4; lastKnownFileType = sourcecode.c.objc; name = SVPreferences.m; path = Classes/SVPreferences.m; sourceTree = "<group>"; };
		F8F3A42712A0780100102D23 /* AFileTypeDIZ.icns */ = {isa = PBXFileReference; lastKnownFileType = image.icns; name = AFileTypeDIZ.icns; path = Images/AFileTypeDIZ.icns; sourceTree = "<group>"; };
		F8F3A42812A0780100102D23 /* AFileTypeNFO.icns */ = {isa = PBXFileReference; lastKnownFileType = image.icns; name = AFileTypeNFO.icns; path = Images/AFileTypeNFO.icns; sourceTree = "<group>"; };
/* End PBXFileReference section */

/* Begin PBXFrameworksBuildPhase section */
		8D15AC330486D014006FF6A4 /* Frameworks */ = {
			isa = PBXFrameworksBuildPhase;
			buildActionMask = 2147483647;
			files = (
				8D15AC340486D014006FF6A4 /* Cocoa.framework in Frameworks */,
				F8A894951208D34300871F98 /* AutoHyperlinks.framework in Frameworks */,
				F8E149781452BC5000D445DF /* AnsiLove.framework in Frameworks */,
			);
			runOnlyForDeploymentPostprocessing = 0;
		};
/* End PBXFrameworksBuildPhase section */

/* Begin PBXGroup section */
		1058C7A6FEA54F5311CA2CBB /* Linked Frameworks */ = {
			isa = PBXGroup;
			children = (
				1058C7A7FEA54F5311CA2CBB /* Cocoa.framework */,
				F8A894941208D34300871F98 /* AutoHyperlinks.framework */,
				F8E149771452BC5000D445DF /* AnsiLove.framework */,
			);
			name = "Linked Frameworks";
			sourceTree = "<group>";
		};
		1058C7A8FEA54F5311CA2CBB /* Other Frameworks */ = {
			isa = PBXGroup;
			children = (
				2A37F4C4FDCFA73011CA2CEA /* AppKit.framework */,
				13E42FBA07B3F13500E4EEF1 /* CoreData.framework */,
				2A37F4C5FDCFA73011CA2CEA /* Foundation.framework */,
			);
			name = "Other Frameworks";
			sourceTree = "<group>";
		};
		19C28FB0FE9D524F11CA2CBB /* Products */ = {
			isa = PBXGroup;
			children = (
				8D15AC370486D014006FF6A4 /* Ascension.app */,
			);
			name = Products;
			sourceTree = "<group>";
		};
		2A37F4AAFDCFA73011CA2CEA /* Ascension */ = {
			isa = PBXGroup;
			children = (
				2A37F4ABFDCFA73011CA2CEA /* Classes */,
				2A37F4AFFDCFA73011CA2CEA /* Other Sources */,
				2A37F4B8FDCFA73011CA2CEA /* Resources */,
				F8835783120F256900D18794 /* Fonts */,
				2A37F4C3FDCFA73011CA2CEA /* Frameworks */,
				19C28FB0FE9D524F11CA2CBB /* Products */,
			);
			name = Ascension;
			sourceTree = "<group>";
		};
		2A37F4ABFDCFA73011CA2CEA /* Classes */ = {
			isa = PBXGroup;
			children = (
				F8835763120F24ED00D18794 /* MyDocument.h */,
				F8835764120F24ED00D18794 /* MyDocument.m */,
				F80458F512C69447004CF340 /* SVTextView.h */,
				F80458F612C69447004CF340 /* SVTextView.m */,
				F8EA140512781D3E002A6E6E /* SVFontProperties.h */,
				F8EA140612781D3E002A6E6E /* SVFontProperties.m */,
				F83A4C78134A8C0C00FAC872 /* SVRoardactedScroller.h */,
				F83A4C79134A8C0C00FAC872 /* SVRoardactedScroller.m */,
				F80F27771297504600209618 /* SVFileInfoStrings.h */,
				F80F27781297504600209618 /* SVFileInfoStrings.m */,
				F883576B120F250000D18794 /* SVPreferencesWC.h */,
				F8835765120F24ED00D18794 /* SVPreferencesWC.m */,
				F8EA140712781D3E002A6E6E /* SVPreferences.h */,
				F8F14432129068C600D89311 /* SVPreferences.m */,
				F8EA140912781D3E002A6E6E /* SVThemeObject.h */,
				F8EA140A12781D3E002A6E6E /* SVThemeObject.m */,
				F8726135145CBF0200821B70 /* SVEpicAboutBoxWC.h */,
				F8726136145CBF0200821B70 /* SVEpicAboutBoxWC.m */,
				F8726139145CBF2F00821B70 /* SVEpicAboutBox.h */,
				F872613A145CBF2F00821B70 /* SVEpicAboutBox.m */,
				F8835766120F24ED00D18794 /* SVAscensionDelegate.h */,
				F8835767120F24ED00D18794 /* SVAscensionDelegate.m */,
			);
			name = Classes;
			sourceTree = "<group>";
		};
		2A37F4AFFDCFA73011CA2CEA /* Other Sources */ = {
			isa = PBXGroup;
			children = (
				2564AD2C0F5327BB00F57823 /* Ascension_Prefix.pch */,
				2A37F4B0FDCFA73011CA2CEA /* main.m */,
			);
			name = "Other Sources";
			sourceTree = "<group>";
		};
		2A37F4B8FDCFA73011CA2CEA /* Resources */ = {
			isa = PBXGroup;
			children = (
				2A37F4B9FDCFA73011CA2CEA /* Credits.rtf */,
				8D15AC360486D014006FF6A4 /* Ascension-Info.plist */,
				089C165FFE840EACC02AAC07 /* InfoPlist.strings */,
				1DDD582A0DA1D0D100B32029 /* MainMenu.xib */,
				1DDD58280DA1D0D100B32029 /* MyDocument.xib */,
				F8123D6211C7763000EABFE2 /* Preferences.xib */,
				F8EA113E145C0CE200550364 /* AboutBox.xib */,
				F8BB69FC1442045000494F4E /* Pictures and Icons */,
			);
			name = Resources;
			sourceTree = "<group>";
		};
		2A37F4C3FDCFA73011CA2CEA /* Frameworks */ = {
			isa = PBXGroup;
			children = (
				1058C7A6FEA54F5311CA2CBB /* Linked Frameworks */,
				1058C7A8FEA54F5311CA2CBB /* Other Frameworks */,
			);
			name = Frameworks;
			sourceTree = "<group>";
		};
		F8835783120F256900D18794 /* Fonts */ = {
			isa = PBXGroup;
			children = (
				F8835784120F256900D18794 /* Terminus.dfont */,
				F84066E0145A8FDD006F25F7 /* atarcc.ttf */,
				F84066E1145A8FDD006F25F7 /* atarcs.ttf */,
				F84066E2145A8FDD006F25F7 /* CommodoreServer.ttf */,
				F823103A1457F451007E1BE6 /* dos437.ttf */,
				F84066E3145A8FDD006F25F7 /* MicroKnight_v1.0.ttf */,
				F84066E4145A8FDD006F25F7 /* MicroKnightPlus_v1.0.ttf */,
				F84066E5145A8FDD006F25F7 /* mO'sOul_v1.0.ttf */,
				F84066E6145A8FDD006F25F7 /* P0T-NOoDLE_v1.0.ttf */,
				F84066E7145A8FDD006F25F7 /* Topaz_a500_v1.0.ttf */,
				F84066E8145A8FDD006F25F7 /* Topaz_a1200_v1.0.ttf */,
				F84066E9145A8FDD006F25F7 /* TopazPlus_a500_v1.0.ttf */,
				F84066EA145A8FDD006F25F7 /* TopazPlus_a1200_v1.0.ttf */,
			);
			path = Fonts;
			sourceTree = "<group>";
		};
		F8BB69FC1442045000494F4E /* Pictures and Icons */ = {
			isa = PBXGroup;
			children = (
				F8835773120F251F00D18794 /* Ascension.icns */,
				F8F3A42812A0780100102D23 /* AFileTypeNFO.icns */,
				F8F3A42712A0780100102D23 /* AFileTypeDIZ.icns */,
				F8835775120F251F00D18794 /* General.png */,
				F8835772120F251F00D18794 /* Advanced.png */,
				F8835774120F251F00D18794 /* Colors.png */,
				F8AD9A4A12CE2BA1004CC071 /* Customize.png */,
				F80F4B1C12D54709000731AA /* Divider.png */,
				F8E1D4B21285DBA90069F262 /* duplicate.png */,
				F869391D135A5C6C0024BE07 /* context_info.png */,
				F82310381457EA10007E1BE6 /* custom_about.png */,
			);
			name = "Pictures and Icons";
			sourceTree = "<group>";
		};
/* End PBXGroup section */

/* Begin PBXNativeTarget section */
		8D15AC270486D014006FF6A4 /* Ascension */ = {
			isa = PBXNativeTarget;
			buildConfigurationList = C05733C708A9546B00998B17 /* Build configuration list for PBXNativeTarget "Ascension" */;
			buildPhases = (
				8D15AC2B0486D014006FF6A4 /* Resources */,
				F8DBE75A132D5D3400A9F868 /* CopyFiles */,
				8D15AC300486D014006FF6A4 /* Sources */,
				8D15AC330486D014006FF6A4 /* Frameworks */,
				F808697411C8C56100680E85 /* CopyFiles */,
			);
			buildRules = (
			);
			dependencies = (
			);
			name = Ascension;
			productInstallPath = "$(HOME)/Applications";
			productName = Ascension;
			productReference = 8D15AC370486D014006FF6A4 /* Ascension.app */;
			productType = "com.apple.product-type.application";
		};
/* End PBXNativeTarget section */

/* Begin PBXProject section */
		2A37F4A9FDCFA73011CA2CEA /* Project object */ = {
			isa = PBXProject;
			attributes = {
				LastUpgradeCheck = 0420;
			};
			buildConfigurationList = C05733CB08A9546B00998B17 /* Build configuration list for PBXProject "Ascension" */;
			compatibilityVersion = "Xcode 3.2";
			developmentRegion = English;
			hasScannedForEncodings = 1;
			knownRegions = (
				en,
				English,
				Japanese,
				Dutch,
				French,
				German,
				Italian,
				Portuguese,
				Romanian,
				Spanish,
				sv,
				ru,
				Swedish,
			);
			mainGroup = 2A37F4AAFDCFA73011CA2CEA /* Ascension */;
			projectDirPath = "";
			projectRoot = "";
			targets = (
				8D15AC270486D014006FF6A4 /* Ascension */,
			);
		};
/* End PBXProject section */

/* Begin PBXResourcesBuildPhase section */
		8D15AC2B0486D014006FF6A4 /* Resources */ = {
			isa = PBXResourcesBuildPhase;
			buildActionMask = 2147483647;
			files = (
				8D15AC2C0486D014006FF6A4 /* Credits.rtf in Resources */,
				8D15AC2F0486D014006FF6A4 /* InfoPlist.strings in Resources */,
				1DDD582C0DA1D0D100B32029 /* MyDocument.xib in Resources */,
				1DDD582D0DA1D0D100B32029 /* MainMenu.xib in Resources */,
				F8123D6311C7763000EABFE2 /* Preferences.xib in Resources */,
				F8835777120F251F00D18794 /* Advanced.png in Resources */,
				F8835778120F251F00D18794 /* Ascension.icns in Resources */,
				F8835779120F251F00D18794 /* Colors.png in Resources */,
				F883577A120F251F00D18794 /* General.png in Resources */,
				F8E1D4B31285DBA90069F262 /* duplicate.png in Resources */,
				F8F3A42912A0780100102D23 /* AFileTypeDIZ.icns in Resources */,
				F8F3A42A12A0780100102D23 /* AFileTypeNFO.icns in Resources */,
				F8AD9A4C12CE2BA1004CC071 /* Customize.png in Resources */,
				F80F4B1D12D54709000731AA /* Divider.png in Resources */,
				F869391E135A5C6C0024BE07 /* context_info.png in Resources */,
				F82310391457EA10007E1BE6 /* custom_about.png in Resources */,
				F8EA113C145C0CE200550364 /* AboutBox.xib in Resources */,
			);
			runOnlyForDeploymentPostprocessing = 0;
		};
/* End PBXResourcesBuildPhase section */

/* Begin PBXSourcesBuildPhase section */
		8D15AC300486D014006FF6A4 /* Sources */ = {
			isa = PBXSourcesBuildPhase;
			buildActionMask = 2147483647;
			files = (
				8D15AC320486D014006FF6A4 /* main.m in Sources */,
				F8835768120F24ED00D18794 /* MyDocument.m in Sources */,
				F8835769120F24ED00D18794 /* SVPreferencesWC.m in Sources */,
				F883576A120F24ED00D18794 /* SVAscensionDelegate.m in Sources */,
				F8EA140D12781D3E002A6E6E /* SVFontProperties.m in Sources */,
				F8EA140F12781D3E002A6E6E /* SVThemeObject.m in Sources */,
				F8F14433129068C600D89311 /* SVPreferences.m in Sources */,
				F80F27791297504600209618 /* SVFileInfoStrings.m in Sources */,
				F80458F712C69447004CF340 /* SVTextView.m in Sources */,
				F83A4C7A134A8C0C00FAC872 /* SVRoardactedScroller.m in Sources */,
				F8726137145CBF0200821B70 /* SVEpicAboutBoxWC.m in Sources */,
				F872613B145CBF2F00821B70 /* SVEpicAboutBox.m in Sources */,
			);
			runOnlyForDeploymentPostprocessing = 0;
		};
/* End PBXSourcesBuildPhase section */

/* Begin PBXVariantGroup section */
		089C165FFE840EACC02AAC07 /* InfoPlist.strings */ = {
			isa = PBXVariantGroup;
			children = (
				089C1660FE840EACC02AAC07 /* English */,
			);
			name = InfoPlist.strings;
			sourceTree = "<group>";
		};
		1DDD58280DA1D0D100B32029 /* MyDocument.xib */ = {
			isa = PBXVariantGroup;
			children = (
				1DDD58290DA1D0D100B32029 /* English */,
			);
			name = MyDocument.xib;
			sourceTree = "<group>";
		};
		1DDD582A0DA1D0D100B32029 /* MainMenu.xib */ = {
			isa = PBXVariantGroup;
			children = (
				1DDD582B0DA1D0D100B32029 /* English */,
			);
			name = MainMenu.xib;
			sourceTree = "<group>";
		};
		2A37F4B9FDCFA73011CA2CEA /* Credits.rtf */ = {
			isa = PBXVariantGroup;
			children = (
				2A37F4BAFDCFA73011CA2CEA /* English */,
			);
			name = Credits.rtf;
			sourceTree = "<group>";
		};
		F8123D6211C7763000EABFE2 /* Preferences.xib */ = {
			isa = PBXVariantGroup;
			children = (
				F8EEB89611C6E07900F16727 /* English */,
			);
			name = Preferences.xib;
			sourceTree = "<group>";
		};
		F8EA113E145C0CE200550364 /* AboutBox.xib */ = {
			isa = PBXVariantGroup;
			children = (
				F8EA113D145C0CE200550364 /* English */,
			);
			name = AboutBox.xib;
			sourceTree = "<group>";
		};
/* End PBXVariantGroup section */

/* Begin XCBuildConfiguration section */
		C05733C808A9546B00998B17 /* Debug */ = {
			isa = XCBuildConfiguration;
			buildSettings = {
				ALWAYS_SEARCH_USER_PATHS = NO;
				ARCHS = "$(ARCHS_STANDARD_64_BIT)";
				COPY_PHASE_STRIP = NO;
				FRAMEWORK_SEARCH_PATHS = (
					"$(inherited)",
					"\"$(SRCROOT)/Frameworks\"",
				);
				GCC_DYNAMIC_NO_PIC = NO;
				GCC_ENABLE_OBJC_GC = unsupported;
				GCC_MODEL_TUNING = G5;
				GCC_OPTIMIZATION_LEVEL = 0;
				GCC_PRECOMPILE_PREFIX_HEADER = YES;
				GCC_PREFIX_HEADER = Ascension_Prefix.pch;
				INFOPLIST_FILE = "Ascension-Info.plist";
				INSTALL_PATH = "$(HOME)/Applications";
				LIBRARY_SEARCH_PATHS = "$(inherited)";
				PRODUCT_NAME = Ascension;
				SDKROOT = macosx;
				VALID_ARCHS = "i386 x86_64";
			};
			name = Debug;
		};
		C05733C908A9546B00998B17 /* Release */ = {
			isa = XCBuildConfiguration;
			buildSettings = {
				ALWAYS_SEARCH_USER_PATHS = NO;
				ARCHS = "$(ARCHS_STANDARD_64_BIT)";
				DEBUG_INFORMATION_FORMAT = "dwarf-with-dsym";
				FRAMEWORK_SEARCH_PATHS = (
					"$(inherited)",
					"\"$(SRCROOT)/Frameworks\"",
				);
				GCC_ENABLE_OBJC_GC = unsupported;
				GCC_MODEL_TUNING = G5;
				GCC_PRECOMPILE_PREFIX_HEADER = YES;
				GCC_PREFIX_HEADER = Ascension_Prefix.pch;
				INFOPLIST_FILE = "Ascension-Info.plist";
				INSTALL_PATH = "$(HOME)/Applications";
				LIBRARY_SEARCH_PATHS = "$(inherited)";
				PRODUCT_NAME = Ascension;
				SDKROOT = macosx;
				VALID_ARCHS = "i386 x86_64";
			};
			name = Release;
		};
		C05733CC08A9546B00998B17 /* Debug */ = {
			isa = XCBuildConfiguration;
			buildSettings = {
				ARCHS = "$(ARCHS_STANDARD_64_BIT)";
				CLANG_ENABLE_OBJC_ARC = YES;
				CODE_SIGN_IDENTITY = "3rd Party Mac Developer Application";
				CURRENT_PROJECT_VERSION = 74;
				DEBUG_INFORMATION_FORMAT = "dwarf-with-dsym";
				GCC_C_LANGUAGE_STANDARD = gnu99;
				GCC_ENABLE_OBJC_GC = unsupported;
				GCC_OPTIMIZATION_LEVEL = 0;
				GCC_VERSION = com.apple.compilers.llvm.clang.1_0;
				GCC_WARN_ABOUT_RETURN_TYPE = YES;
				GCC_WARN_UNUSED_VARIABLE = YES;
				ONLY_ACTIVE_ARCH = YES;
				PROVISIONING_PROFILE = "";
				SDKROOT = macosx;
				VALID_ARCHS = "i386 x86_64";
				VERSIONING_SYSTEM = "apple-generic";
			};
			name = Debug;
		};
		C05733CD08A9546B00998B17 /* Release */ = {
			isa = XCBuildConfiguration;
			buildSettings = {
				ARCHS = "$(ARCHS_STANDARD_64_BIT)";
				CLANG_ENABLE_OBJC_ARC = YES;
				CODE_SIGN_IDENTITY = "3rd Party Mac Developer Application";
				CURRENT_PROJECT_VERSION = 74;
				DEBUG_INFORMATION_FORMAT = "dwarf-with-dsym";
				GCC_C_LANGUAGE_STANDARD = gnu99;
				GCC_ENABLE_OBJC_GC = unsupported;
				GCC_VERSION = com.apple.compilers.llvm.clang.1_0;
				GCC_WARN_ABOUT_RETURN_TYPE = YES;
				GCC_WARN_UNUSED_VARIABLE = YES;
				ONLY_ACTIVE_ARCH = NO;
				PROVISIONING_PROFILE = "";
				SDKROOT = macosx;
				VALID_ARCHS = "i386 x86_64";
				VERSIONING_SYSTEM = "apple-generic";
			};
			name = Release;
		};
/* End XCBuildConfiguration section */

/* Begin XCConfigurationList section */
		C05733C708A9546B00998B17 /* Build configuration list for PBXNativeTarget "Ascension" */ = {
			isa = XCConfigurationList;
			buildConfigurations = (
				C05733C808A9546B00998B17 /* Debug */,
				C05733C908A9546B00998B17 /* Release */,
			);
			defaultConfigurationIsVisible = 0;
			defaultConfigurationName = Release;
		};
		C05733CB08A9546B00998B17 /* Build configuration list for PBXProject "Ascension" */ = {
			isa = XCConfigurationList;
			buildConfigurations = (
				C05733CC08A9546B00998B17 /* Debug */,
				C05733CD08A9546B00998B17 /* Release */,
			);
			defaultConfigurationIsVisible = 0;
			defaultConfigurationName = Release;
		};
/* End XCConfigurationList section */
	};
	rootObject = 2A37F4A9FDCFA73011CA2CEA /* Project object */;
}
